
Microsoft Visual Studio Solution File, Format Version 12.00
Project("{FAE04EC0-301F-11D3-BF4B-00C04F79EFBC}") = "AuthenticationImplement", "AuthenticationImplement.csproj", "{F8337337-E7D7-4948-A535-3FD3AF742D78}"
EndProject
Global
	GlobalSection(SolutionConfigurationPlatforms) = preSolution
		Debug|Any CPU = Debug|Any CPU
		Release|Any CPU = Release|Any CPU
	EndGlobalSection
	GlobalSection(ProjectConfigurationPlatforms) = postSolution
		{F8337337-E7D7-4948-A535-3FD3AF742D78}.Debug|Any CPU.ActiveCfg = Debug|Any CPU
		{F8337337-E7D7-4948-A535-3FD3AF742D78}.Debug|Any CPU.Build.0 = Debug|Any CPU
		{F8337337-E7D7-4948-A535-3FD3AF742D78}.Release|Any CPU.ActiveCfg = Release|Any CPU
		{F8337337-E7D7-4948-A535-3FD3AF742D78}.Release|Any CPU.Build.0 = Release|Any CPU
	EndGlobalSection
EndGlobal
